
Microsoft Visual Studio Solution File, Format Version 11.00
# Visual Studio 2010
Project("{FAE04EC0-301F-11D3-BF4B-00C04F79EFBC}") = "Assembly-CSharp", "Assembly-CSharp.csproj", "{72d80aad-558c-12a7-635a-29afc9297a3a}"
EndProject
Project("{FAE04EC0-301F-11D3-BF4B-00C04F79EFBC}") = "Assembly-CSharp-Editor", "Assembly-CSharp-Editor.csproj", "{58c1748f-8852-e8cd-4f87-cd41ddbb82de}"
EndProject
Global
	GlobalSection(SolutionConfigurationPlatforms) = preSolution
		Debug|Any CPU = Debug|Any CPU
	EndGlobalSection
	GlobalSection(ProjectConfigurationPlatforms) = postSolution
		{72d80aad-558c-12a7-635a-29afc9297a3a}.Debug|Any CPU.ActiveCfg = Debug|Any CPU
		{72d80aad-558c-12a7-635a-29afc9297a3a}.Debug|Any CPU.Build.0 = Debug|Any CPU
		{58c1748f-8852-e8cd-4f87-cd41ddbb82de}.Debug|Any CPU.ActiveCfg = Debug|Any CPU
		{58c1748f-8852-e8cd-4f87-cd41ddbb82de}.Debug|Any CPU.Build.0 = Debug|Any CPU
	EndGlobalSection
	GlobalSection(SolutionProperties) = preSolution
		HideSolutionNode = FALSE
	EndGlobalSection
EndGlobal
